
Microsoft Visual Studio Solution File, Format Version 12.00
# Visual Studio Version 17
VisualStudioVersion = 17.11.35219.272
MinimumVisualStudioVersion = 10.0.40219.1
Project("{FAE04EC0-301F-11D3-BF4B-00C04F79EFBC}") = "MyPaint", "MyPaint\MyPaint.csproj", "{59D7CF3E-5851-445C-B5BA-18EBC5CB2405}"
EndProject
Global
	GlobalSection(SolutionConfigurationPlatforms) = preSolution
		Debug|Any CPU = Debug|Any CPU
		Release|Any CPU = Release|Any CPU
	EndGlobalSection
	GlobalSection(ProjectConfigurationPlatforms) = postSolution
		{59D7CF3E-5851-445C-B5BA-18EBC5CB2405}.Debug|Any CPU.ActiveCfg = Debug|Any CPU
		{59D7CF3E-5851-445C-B5BA-18EBC5CB2405}.Debug|Any CPU.Build.0 = Debug|Any CPU
		{59D7CF3E-5851-445C-B5BA-18EBC5CB2405}.Release|Any CPU.ActiveCfg = Release|Any CPU
		{59D7CF3E-5851-445C-B5BA-18EBC5CB2405}.Release|Any CPU.Build.0 = Release|Any CPU
	EndGlobalSection
	GlobalSection(SolutionProperties) = preSolution
		HideSolutionNode = FALSE
	EndGlobalSection
	GlobalSection(ExtensibilityGlobals) = postSolution
		SolutionGuid = {0B4B72C0-C115-44D6-A09A-DAB78BBA850E}
	EndGlobalSection
EndGlobal
